Microsoft Visual Studio Solution File, Format Version 12.00
# Visual Studio Version 17
VisualStudioVersion = 17.5.2.0
MinimumVisualStudioVersion = 10.0.40219.1
Project("{2150E333-8FDC-42A3-9474-1A3956D46DE8}") = "apiDocs", "apiDocs", "{71BA6AA6-AED5-F4EE-B51F-71DD1705CA59}"
EndProject
Project("{FAE04EC0-301F-11D3-BF4B-00C04F79EFBC}") = "ApiProject", "apiDocs\ApiProject\ApiProject.csproj", "{3AB4FCA6-7481-CEC3-5754-256F1D55BE5D}"
EndProject
Global
	GlobalSection(SolutionConfigurationPlatforms) = preSolution
		Debug|Any CPU = Debug|Any CPU
		Release|Any CPU = Release|Any CPU
	EndGlobalSection
	GlobalSection(ProjectConfigurationPlatforms) = postSolution
		{3AB4FCA6-7481-CEC3-5754-256F1D55BE5D}.Debug|Any CPU.ActiveCfg = Debug|Any CPU
		{3AB4FCA6-7481-CEC3-5754-256F1D55BE5D}.Debug|Any CPU.Build.0 = Debug|Any CPU
		{3AB4FCA6-7481-CEC3-5754-256F1D55BE5D}.Release|Any CPU.ActiveCfg = Release|Any CPU
		{3AB4FCA6-7481-CEC3-5754-256F1D55BE5D}.Release|Any CPU.Build.0 = Release|Any CPU
	EndGlobalSection
	GlobalSection(SolutionProperties) = preSolution
		HideSolutionNode = FALSE
	EndGlobalSection
	GlobalSection(NestedProjects) = preSolution
		{3AB4FCA6-7481-CEC3-5754-256F1D55BE5D} = {71BA6AA6-AED5-F4EE-B51F-71DD1705CA59}
	EndGlobalSection
	GlobalSection(ExtensibilityGlobals) = postSolution
		SolutionGuid = {023B1A4F-A651-48C6-A799-8A9F746C88E1}
	EndGlobalSection
EndGlobal
